
Microsoft Visual Studio Solution File, Format Version 12.00
# Visual Studio Version 16
VisualStudioVersion = 16.0.29102.190
MinimumVisualStudioVersion = 10.0.40219.1
Project("{FAE04EC0-301F-11D3-BF4B-00C04F79EFBC}") = "TelefonDefteri2", "TelefonDefteri2\TelefonDefteri2.csproj", "{2009908C-FF21-4B69-BB2F-744374D7B9B4}"
EndProject
Global
	GlobalSection(SolutionConfigurationPlatforms) = preSolution
		Debug|Any CPU = Debug|Any CPU
		Release|Any CPU = Release|Any CPU
	EndGlobalSection
	GlobalSection(ProjectConfigurationPlatforms) = postSolution
		{2009908C-FF21-4B69-BB2F-744374D7B9B4}.Debug|Any CPU.ActiveCfg = Debug|Any CPU
		{2009908C-FF21-4B69-BB2F-744374D7B9B4}.Debug|Any CPU.Build.0 = Debug|Any CPU
		{2009908C-FF21-4B69-BB2F-744374D7B9B4}.Release|Any CPU.ActiveCfg = Release|Any CPU
		{2009908C-FF21-4B69-BB2F-744374D7B9B4}.Release|Any CPU.Build.0 = Release|Any CPU
	EndGlobalSection
	GlobalSection(SolutionProperties) = preSolution
		HideSolutionNode = FALSE
	EndGlobalSection
	GlobalSection(ExtensibilityGlobals) = postSolution
		SolutionGuid = {61C0CEAE-13CF-4AAB-B794-991448769F35}
	EndGlobalSection
EndGlobal
